
Microsoft Visual Studio Solution File, Format Version 12.00
# Visual Studio 2012
Project("{8BC9CEB8-8B4A-11D0-8D11-00A0C91BC942}") = "HelloWorldGL", "HelloWorldGL\HelloWorldGL.vcxproj", "{7C3ADE7F-BB16-42DD-8D4F-D13054131C34}"
EndProject
Global
	GlobalSection(SolutionConfigurationPlatforms) = preSolution
		Debug|Win32 = Debug|Win32
		Release|Win32 = Release|Win32
	EndGlobalSection
	GlobalSection(ProjectConfigurationPlatforms) = postSolution
		{7C3ADE7F-BB16-42DD-8D4F-D13054131C34}.Debug|Win32.ActiveCfg = Debug|Win32
		{7C3ADE7F-BB16-42DD-8D4F-D13054131C34}.Debug|Win32.Build.0 = Debug|Win32
		{7C3ADE7F-BB16-42DD-8D4F-D13054131C34}.Release|Win32.ActiveCfg = Release|Win32
		{7C3ADE7F-BB16-42DD-8D4F-D13054131C34}.Release|Win32.Build.0 = Release|Win32
	EndGlobalSection
	GlobalSection(SolutionProperties) = preSolution
		HideSolutionNode = FALSE
	EndGlobalSection
EndGlobal
